// !$*UTF8*$!
{
	archiveVersion = 1;
	classes = {
	};
	objectVersion = 46;
	objects = {

/* Begin PBXBuildFile section */
		5E168E391BE9A69A00A8502E /* AppDelegate.swift in Sources */ = {isa = PBXBuildFile; fileRef = 5E168E381BE9A69A00A8502E /* AppDelegate.swift */; };
		5E168E411BE9A69A00A8502E /* Zoo_CoreData.xcdatamodeld in Sources */ = {isa = PBXBuildFile; fileRef = 5E168E3F1BE9A69A00A8502E /* Zoo_CoreData.xcdatamodeld */; };
		5E168E431BE9A69A00A8502E /* Assets.xcassets in Resources */ = {isa = PBXBuildFile; fileRef = 5E168E421BE9A69A00A8502E /* Assets.xcassets */; };
		5E168E461BE9A69A00A8502E /* LaunchScreen.storyboard in Resources */ = {isa = PBXBuildFile; fileRef = 5E168E441BE9A69A00A8502E /* LaunchScreen.storyboard */; };
		5E168E511BE9A69B00A8502E /* Zoo_CoreDataTests.swift in Sources */ = {isa = PBXBuildFile; fileRef = 5E168E501BE9A69B00A8502E /* Zoo_CoreDataTests.swift */; };
		5E168E5C1BE9A69B00A8502E /* Zoo_CoreDataUITests.swift in Sources */ = {isa = PBXBuildFile; fileRef = 5E168E5B1BE9A69B00A8502E /* Zoo_CoreDataUITests.swift */; };
		5E168E6C1BE9A97500A8502E /* Main.storyboard in Resources */ = {isa = PBXBuildFile; fileRef = 5E168E6B1BE9A97500A8502E /* Main.storyboard */; };
		5E168E731BE9AA2400A8502E /* DetailViewController.swift in Sources */ = {isa = PBXBuildFile; fileRef = 5E168E6D1BE9AA2400A8502E /* DetailViewController.swift */; };
		5E168E741BE9AA2400A8502E /* ShareViewController.swift in Sources */ = {isa = PBXBuildFile; fileRef = 5E168E6E1BE9AA2400A8502E /* ShareViewController.swift */; };
		5E168E751BE9AA2400A8502E /* SyCellClass.swift in Sources */ = {isa = PBXBuildFile; fileRef = 5E168E6F1BE9AA2400A8502E /* SyCellClass.swift */; };
		5E168E761BE9AA2400A8502E /* SyPlist.plist in Resources */ = {isa = PBXBuildFile; fileRef = 5E168E701BE9AA2400A8502E /* SyPlist.plist */; };
		5E168E771BE9AA2400A8502E /* SyViewController.swift in Sources */ = {isa = PBXBuildFile; fileRef = 5E168E711BE9AA2400A8502E /* SyViewController.swift */; };
		5E168E7A1BE9AA8500A8502E /* CoreTelephony.framework in Frameworks */ = {isa = PBXBuildFile; fileRef = 5E168E791BE9AA8500A8502E /* CoreTelephony.framework */; };
		5E168E7C1BE9AA9000A8502E /* libc++.tbd in Frameworks */ = {isa = PBXBuildFile; fileRef = 5E168E7B1BE9AA9000A8502E /* libc++.tbd */; };
		5E168E7E1BE9AA9900A8502E /* libz.tbd in Frameworks */ = {isa = PBXBuildFile; fileRef = 5E168E7D1BE9AA9900A8502E /* libz.tbd */; };
		5E168E801BE9AAA000A8502E /* libsqlite3.tbd in Frameworks */ = {isa = PBXBuildFile; fileRef = 5E168E7F1BE9AAA000A8502E /* libsqlite3.tbd */; };
		5E168E821BE9AAB200A8502E /* CoreGraphics.framework in Frameworks */ = {isa = PBXBuildFile; fileRef = 5E168E811BE9AAB200A8502E /* CoreGraphics.framework */; };
		5E168E841BE9AAB900A8502E /* Foundation.framework in Frameworks */ = {isa = PBXBuildFile; fileRef = 5E168E831BE9AAB900A8502E /* Foundation.framework */; };
		5E168E861BE9AAC100A8502E /* UIKit.framework in Frameworks */ = {isa = PBXBuildFile; fileRef = 5E168E851BE9AAC100A8502E /* UIKit.framework */; };
		5E168E881BE9AACC00A8502E /* SystemConfiguration.framework in Frameworks */ = {isa = PBXBuildFile; fileRef = 5E168E871BE9AACC00A8502E /* SystemConfiguration.framework */; };
		5E168EB51BE9B37B00A8502E /* 0.jpeg in Resources */ = {isa = PBXBuildFile; fileRef = 5E168E9B1BE9B37B00A8502E /* 0.jpeg */; };
		5E168EB61BE9B37B00A8502E /* 1.jpeg in Resources */ = {isa = PBXBuildFile; fileRef = 5E168E9C1BE9B37B00A8502E /* 1.jpeg */; };
		5E168EB71BE9B37B00A8502E /* 2.jpeg in Resources */ = {isa = PBXBuildFile; fileRef = 5E168E9D1BE9B37B00A8502E /* 2.jpeg */; };
		5E168EB81BE9B37B00A8502E /* 3.jpeg in Resources */ = {isa = PBXBuildFile; fileRef = 5E168E9E1BE9B37B00A8502E /* 3.jpeg */; };
		5E168EB91BE9B37B00A8502E /* 4.jpeg in Resources */ = {isa = PBXBuildFile; fileRef = 5E168E9F1BE9B37B00A8502E /* 4.jpeg */; };
		5E168EBA1BE9B37B00A8502E /* 屏幕尺寸 in Resources */ = {isa = PBXBuildFile; fileRef = 5E168EA01BE9B37B00A8502E /* 屏幕尺寸 */; };
		5E168EBB1BE9B37B00A8502E /* Icon-60.png in Resources */ = {isa = PBXBuildFile; fileRef = 5E168EA11BE9B37B00A8502E /* Icon-60.png */; };
		5E168EBC1BE9B37B00A8502E /* Icon-60@2x.png in Resources */ = {isa = PBXBuildFile; fileRef = 5E168EA21BE9B37B00A8502E /* Icon-60@2x.png */; };
		5E168EBD1BE9B37B00A8502E /* Icon-60@3x.png in Resources */ = {isa = PBXBuildFile; fileRef = 5E168EA31BE9B37B00A8502E /* Icon-60@3x.png */; };
		5E168EBE1BE9B37B00A8502E /* Icon-72.png in Resources */ = {isa = PBXBuildFile; fileRef = 5E168EA41BE9B37B00A8502E /* Icon-72.png */; };
		5E168EBF1BE9B37B00A8502E /* Icon-72@2x.png in Resources */ = {isa = PBXBuildFile; fileRef = 5E168EA51BE9B37B00A8502E /* Icon-72@2x.png */; };
		5E168EC01BE9B37B00A8502E /* Icon-76.png in Resources */ = {isa = PBXBuildFile; fileRef = 5E168EA61BE9B37B00A8502E /* Icon-76.png */; };
		5E168EC11BE9B37B00A8502E /* Icon-76@2x.png in Resources */ = {isa = PBXBuildFile; fileRef = 5E168EA71BE9B37B00A8502E /* Icon-76@2x.png */; };
		5E168EC21BE9B37B00A8502E /* Icon-76@3x.png in Resources */ = {isa = PBXBuildFile; fileRef = 5E168EA81BE9B37B00A8502E /* Icon-76@3x.png */; };
		5E168EC31BE9B37B00A8502E /* Icon-Small-50.png in Resources */ = {isa = PBXBuildFile; fileRef = 5E168EA91BE9B37B00A8502E /* Icon-Small-50.png */; };
		5E168EC41BE9B37B00A8502E /* Icon-Small-50@2x.png in Resources */ = {isa = PBXBuildFile; fileRef = 5E168EAA1BE9B37B00A8502E /* Icon-Small-50@2x.png */; };
		5E168EC51BE9B37B00A8502E /* Icon-Small.png in Resources */ = {isa = PBXBuildFile; fileRef = 5E168EAB1BE9B37B00A8502E /* Icon-Small.png */; };
		5E168EC61BE9B37B00A8502E /* Icon-Small@2x.png in Resources */ = {isa = PBXBuildFile; fileRef = 5E168EAC1BE9B37B00A8502E /* Icon-Small@2x.png */; };
		5E168EC71BE9B37B00A8502E /* Icon-Small@3x.png in Resources */ = {isa = PBXBuildFile; fileRef = 5E168EAD1BE9B37B00A8502E /* Icon-Small@3x.png */; };
		5E168EC81BE9B37B00A8502E /* Icon-Spotlight-40.png in Resources */ = {isa = PBXBuildFile; fileRef = 5E168EAE1BE9B37B00A8502E /* Icon-Spotlight-40.png */; };
		5E168EC91BE9B37B00A8502E /* Icon-Spotlight-40@2x.png in Resources */ = {isa = PBXBuildFile; fileRef = 5E168EAF1BE9B37B00A8502E /* Icon-Spotlight-40@2x.png */; };
		5E168ECA1BE9B37B00A8502E /* Icon-Spotlight-40@3x.png in Resources */ = {isa = PBXBuildFile; fileRef = 5E168EB01BE9B37B00A8502E /* Icon-Spotlight-40@3x.png */; };
		5E168ECB1BE9B37B00A8502E /* Icon.png in Resources */ = {isa = PBXBuildFile; fileRef = 5E168EB11BE9B37B00A8502E /* Icon.png */; };
		5E168ECC1BE9B37B00A8502E /* Icon@2x.png in Resources */ = {isa = PBXBuildFile; fileRef = 5E168EB21BE9B37B00A8502E /* Icon@2x.png */; };
		5E168ECD1BE9B37B00A8502E /* iTunesArtwork in Resources */ = {isa = PBXBuildFile; fileRef = 5E168EB31BE9B37B00A8502E /* iTunesArtwork */; };
		5E168ECE1BE9B37B00A8502E /* iTunesArtwork@2x in Resources */ = {isa = PBXBuildFile; fileRef = 5E168EB41BE9B37B00A8502E /* iTunesArtwork@2x */; };
		5E168ED01BE9CB4B00A8502E /* libWeChatSDK.a in Frameworks */ = {isa = PBXBuildFile; fileRef = 5E168ECF1BE9CB4B00A8502E /* libWeChatSDK.a */; };
		5E168EDD1BE9F23700A8502E /* Entity+CoreDataProperties.swift in Sources */ = {isa = PBXBuildFile; fileRef = 5E168EDB1BE9F23700A8502E /* Entity+CoreDataProperties.swift */; };
		5E168EDE1BE9F23700A8502E /* Entity.swift in Sources */ = {isa = PBXBuildFile; fileRef = 5E168EDC1BE9F23700A8502E /* Entity.swift */; };
		5E3DEBA71BF0823900E4724E /* 6.jpg in Resources */ = {isa = PBXBuildFile; fileRef = 5E3DEBA21BF0823900E4724E /* 6.jpg */; };
		5E3DEBA81BF0823900E4724E /* 7.jpeg in Resources */ = {isa = PBXBuildFile; fileRef = 5E3DEBA31BF0823900E4724E /* 7.jpeg */; };
		5E3DEBA91BF0823900E4724E /* 8.jpeg in Resources */ = {isa = PBXBuildFile; fileRef = 5E3DEBA41BF0823900E4724E /* 8.jpeg */; };
		5E3DEBAA1BF0823900E4724E /* 9.jpeg in Resources */ = {isa = PBXBuildFile; fileRef = 5E3DEBA51BF0823900E4724E /* 9.jpeg */; };
		5E3DEBAB1BF0823900E4724E /* 10.jpeg in Resources */ = {isa = PBXBuildFile; fileRef = 5E3DEBA61BF0823900E4724E /* 10.jpeg */; };
		5E7FADAF1C16828300D40A83 /* ImageIO.framework in Frameworks */ = {isa = PBXBuildFile; fileRef = 5E7FADAE1C16828300D40A83 /* ImageIO.framework */; };
		5E7FADEB1C16915700D40A83 /* MKAnnotationView+WebCache.m in Sources */ = {isa = PBXBuildFile; fileRef = 5E7FADC81C16915700D40A83 /* MKAnnotationView+WebCache.m */; };
		5E7FADEC1C16915700D40A83 /* NSData+ImageContentType.m in Sources */ = {isa = PBXBuildFile; fileRef = 5E7FADCA1C16915700D40A83 /* NSData+ImageContentType.m */; };
		5E7FADED1C16915700D40A83 /* SDImageCache.m in Sources */ = {isa = PBXBuildFile; fileRef = 5E7FADCC1C16915700D40A83 /* SDImageCache.m */; };
		5E7FADEE1C16915700D40A83 /* SDWebImageCompat.m in Sources */ = {isa = PBXBuildFile; fileRef = 5E7FADCE1C16915700D40A83 /* SDWebImageCompat.m */; };
		5E7FADEF1C16915700D40A83 /* SDWebImageDecoder.m in Sources */ = {isa = PBXBuildFile; fileRef = 5E7FADD01C16915700D40A83 /* SDWebImageDecoder.m */; };
		5E7FADF01C16915700D40A83 /* SDWebImageDownloader.m in Sources */ = {isa = PBXBuildFile; fileRef = 5E7FADD21C16915700D40A83 /* SDWebImageDownloader.m */; };
		5E7FADF11C16915700D40A83 /* SDWebImageDownloaderOperation.m in Sources */ = {isa = PBXBuildFile; fileRef = 5E7FADD41C16915700D40A83 /* SDWebImageDownloaderOperation.m */; };
		5E7FADF21C16915700D40A83 /* SDWebImageManager.m in Sources */ = {isa = PBXBuildFile; fileRef = 5E7FADD61C16915700D40A83 /* SDWebImageManager.m */; };
		5E7FADF31C16915700D40A83 /* SDWebImagePrefetcher.m in Sources */ = {isa = PBXBuildFile; fileRef = 5E7FADD91C16915700D40A83 /* SDWebImagePrefetcher.m */; };
		5E7FADF41C16915700D40A83 /* UIButton+WebCache.m in Sources */ = {isa = PBXBuildFile; fileRef = 5E7FADDB1C16915700D40A83 /* UIButton+WebCache.m */; };
		5E7FADF51C16915700D40A83 /* UIImage+GIF.m in Sources */ = {isa = PBXBuildFile; fileRef = 5E7FADDD1C16915700D40A83 /* UIImage+GIF.m */; };
		5E7FADF61C16915700D40A83 /* UIImage+MultiFormat.m in Sources */ = {isa = PBXBuildFile; fileRef = 5E7FADDF1C16915700D40A83 /* UIImage+MultiFormat.m */; };
		5E7FADF71C16915700D40A83 /* UIImage+WebP.m in Sources */ = {isa = PBXBuildFile; fileRef = 5E7FADE11C16915700D40A83 /* UIImage+WebP.m */; };
		5E7FADF81C16915700D40A83 /* UIImageView+HighlightedWebCache.m in Sources */ = {isa = PBXBuildFile; fileRef = 5E7FADE31C16915700D40A83 /* UIImageView+HighlightedWebCache.m */; };
		5E7FADF91C16915700D40A83 /* UIImageView+WebCache.m in Sources */ = {isa = PBXBuildFile; fileRef = 5E7FADE51C16915700D40A83 /* UIImageView+WebCache.m */; };
		5E7FADFA1C16915700D40A83 /* UIView+WebCacheOperation.m in Sources */ = {isa = PBXBuildFile; fileRef = 5E7FADE71C16915700D40A83 /* UIView+WebCacheOperation.m */; };
		5E7FADFB1C16915700D40A83 /* Info.plist in Resources */ = {isa = PBXBuildFile; fileRef = 5E7FADE91C16915700D40A83 /* Info.plist */; };
		5EBF64881BF486870023BE73 /* CoreDataViewController.swift in Sources */ = {isa = PBXBuildFile; fileRef = 5EBF64871BF486870023BE73 /* CoreDataViewController.swift */; };
		5ECBF14C1BEAECCB00A8EFEA /* setting.plist in Resources */ = {isa = PBXBuildFile; fileRef = 5ECBF14B1BEAECCB00A8EFEA /* setting.plist */; };
		5ECBF1501BEB06A600A8EFEA /* SettingViewController.swift in Sources */ = {isa = PBXBuildFile; fileRef = 5ECBF14F1BEB06A600A8EFEA /* SettingViewController.swift */; };
		5ECBF1521BEB4A0C00A8EFEA /* SettingCellClass.swift in Sources */ = {isa = PBXBuildFile; fileRef = 5ECBF1511BEB4A0C00A8EFEA /* SettingCellClass.swift */; };
		5ECBF1541BEC406400A8EFEA /* LikeViewController.swift in Sources */ = {isa = PBXBuildFile; fileRef = 5ECBF1531BEC406400A8EFEA /* LikeViewController.swift */; };
		5ECBF1561BEC7C1800A8EFEA /* LikeCellClass.swift in Sources */ = {isa = PBXBuildFile; fileRef = 5ECBF1551BEC7C1800A8EFEA /* LikeCellClass.swift */; };
		5EE43BD31BFDC12800A3E6F7 /* Security.framework in Frameworks */ = {isa = PBXBuildFile; fileRef = 5EE43BD21BFDC12800A3E6F7 /* Security.framework */; };
		5EE43BD51BFDC13500A3E6F7 /* AdSupport.framework in Frameworks */ = {isa = PBXBuildFile; fileRef = 5EE43BD41BFDC13500A3E6F7 /* AdSupport.framework */; };
		5EE43BD71BFDC14D00A3E6F7 /* CoreMotion.framework in Frameworks */ = {isa = PBXBuildFile; fileRef = 5EE43BD61BFDC14D00A3E6F7 /* CoreMotion.framework */; };
		5EEE82BF1C0D43B7000C6BA1 /* libTalkingData.a in Frameworks */ = {isa = PBXBuildFile; fileRef = 5EEE82BD1C0D43B7000C6BA1 /* libTalkingData.a */; };
/* End PBXBuildFile section */

/* Begin PBXContainerItemProxy section */
		5E168E4D1BE9A69B00A8502E /* PBXContainerItemProxy */ = {
			isa = PBXContainerItemProxy;
			containerPortal = 5E168E2D1BE9A69A00A8502E /* Project object */;
			proxyType = 1;
			remoteGlobalIDString = 5E168E341BE9A69A00A8502E;
			remoteInfo = Zoo_CoreData;
		};
		5E168E581BE9A69B00A8502E /* PBXContainerItemProxy */ = {
			isa = PBXContainerItemProxy;
			containerPortal = 5E168E2D1BE9A69A00A8502E /* Project object */;
			proxyType = 1;
			remoteGlobalIDString = 5E168E341BE9A69A00A8502E;
			remoteInfo = Zoo_CoreData;
		};
/* End PBXContainerItemProxy section */

/* Begin PBXFileReference section */
		5E168E351BE9A69A00A8502E /* Zoo.app */ = {isa = PBXFileReference; explicitFileType = wrapper.application; includeInIndex = 0; path = Zoo.app; sourceTree = BUILT_PRODUCTS_DIR; };
		5E168E381BE9A69A00A8502E /* AppDelegate.swift */ = {isa = PBXFileReference; lastKnownFileType = sourcecode.swift; path = AppDelegate.swift; sourceTree = "<group>"; };
		5E168E401BE9A69A00A8502E /* Zoo_CoreData.xcdatamodel */ = {isa = PBXFileReference; lastKnownFileType = wrapper.xcdatamodel; path = Zoo_CoreData.xcdatamodel; sourceTree = "<group>"; };
		5E168E421BE9A69A00A8502E /* Assets.xcassets */ = {isa = PBXFileReference; lastKnownFileType = folder.assetcatalog; path = Assets.xcassets; sourceTree = "<group>"; };
		5E168E451BE9A69A00A8502E /* Base */ = {isa = PBXFileReference; lastKnownFileType = file.storyboard; name = Base; path = Base.lproj/LaunchScreen.storyboard; sourceTree = "<group>"; };
		5E168E471BE9A69A00A8502E /* Info.plist */ = {isa = PBXFileReference; lastKnownFileType = text.plist.xml; path = Info.plist; sourceTree = "<group>"; };
		5E168E4C1BE9A69B00A8502E /* Zoo_CoreDataTests.xctest */ = {isa = PBXFileReference; explicitFileType = wrapper.cfbundle; includeInIndex = 0; path = Zoo_CoreDataTests.xctest; sourceTree = BUILT_PRODUCTS_DIR; };
		5E168E501BE9A69B00A8502E /* Zoo_CoreDataTests.swift */ = {isa = PBXFileReference; lastKnownFileType = sourcecode.swift; path = Zoo_CoreDataTests.swift; sourceTree = "<group>"; };
		5E168E521BE9A69B00A8502E /* Info.plist */ = {isa = PBXFileReference; lastKnownFileType = text.plist.xml; path = Info.plist; sourceTree = "<group>"; };
		5E168E571BE9A69B00A8502E /* Zoo_CoreDataUITests.xctest */ = {isa = PBXFileReference; explicitFileType = wrapper.cfbundle; includeInIndex = 0; path = Zoo_CoreDataUITests.xctest; sourceTree = BUILT_PRODUCTS_DIR; };
		5E168E5B1BE9A69B00A8502E /* Zoo_CoreDataUITests.swift */ = {isa = PBXFileReference; lastKnownFileType = sourcecode.swift; path = Zoo_CoreDataUITests.swift; sourceTree = "<group>"; };
		5E168E5D1BE9A69B00A8502E /* Info.plist */ = {isa = PBXFileReference; lastKnownFileType = text.plist.xml; path = Info.plist; sourceTree = "<group>"; };
		5E168E6B1BE9A97500A8502E /* Main.storyboard */ = {isa = PBXFileReference; fileEncoding = 4; lastKnownFileType = file.storyboard; path = Main.storyboard; sourceTree = "<group>"; };
		5E168E6D1BE9AA2400A8502E /* DetailViewController.swift */ = {isa = PBXFileReference; fileEncoding = 4; lastKnownFileType = sourcecode.swift; path = DetailViewController.swift; sourceTree = "<group>"; };
		5E168E6E1BE9AA2400A8502E /* ShareViewController.swift */ = {isa = PBXFileReference; fileEncoding = 4; lastKnownFileType = sourcecode.swift; path = ShareViewController.swift; sourceTree = "<group>"; };
		5E168E6F1BE9AA2400A8502E /* SyCellClass.swift */ = {isa = PBXFileReference; fileEncoding = 4; lastKnownFileType = sourcecode.swift; path = SyCellClass.swift; sourceTree = "<group>"; };
		5E168E701BE9AA2400A8502E /* SyPlist.plist */ = {isa = PBXFileReference; fileEncoding = 4; lastKnownFileType = text.plist.xml; path = SyPlist.plist; sourceTree = "<group>"; };
		5E168E711BE9AA2400A8502E /* SyViewController.swift */ = {isa = PBXFileReference; fileEncoding = 4; lastKnownFileType = sourcecode.swift; path = SyViewController.swift; sourceTree = "<group>"; };
		5E168E791BE9AA8500A8502E /* CoreTelephony.framework */ = {isa = PBXFileReference; lastKnownFileType = wrapper.framework; name = CoreTelephony.framework; path = System/Library/Frameworks/CoreTelephony.framework; sourceTree = SDKROOT; };
		5E168E7B1BE9AA9000A8502E /* libc++.tbd */ = {isa = PBXFileReference; lastKnownFileType = "sourcecode.text-based-dylib-definition"; name = "libc++.tbd"; path = "usr/lib/libc++.tbd"; sourceTree = SDKROOT; };
		5E168E7D1BE9AA9900A8502E /* libz.tbd */ = {isa = PBXFileReference; lastKnownFileType = "sourcecode.text-based-dylib-definition"; name = libz.tbd; path = usr/lib/libz.tbd; sourceTree = SDKROOT; };
		5E168E7F1BE9AAA000A8502E /* libsqlite3.tbd */ = {isa = PBXFileReference; lastKnownFileType = "sourcecode.text-based-dylib-definition"; name = libsqlite3.tbd; path = usr/lib/libsqlite3.tbd; sourceTree = SDKROOT; };
		5E168E811BE9AAB200A8502E /* CoreGraphics.framework */ = {isa = PBXFileReference; lastKnownFileType = wrapper.framework; name = CoreGraphics.framework; path = System/Library/Frameworks/CoreGraphics.framework; sourceTree = SDKROOT; };
		5E168E831BE9AAB900A8502E /* Foundation.framework */ = {isa = PBXFileReference; lastKnownFileType = wrapper.framework; name = Foundation.framework; path = System/Library/Frameworks/Foundation.framework; sourceTree = SDKROOT; };
		5E168E851BE9AAC100A8502E /* UIKit.framework */ = {isa = PBXFileReference; lastKnownFileType = wrapper.framework; name = UIKit.framework; path = System/Library/Frameworks/UIKit.framework; sourceTree = SDKROOT; };
		5E168E871BE9AACC00A8502E /* SystemConfiguration.framework */ = {isa = PBXFileReference; lastKnownFileType = wrapper.framework; name = SystemConfiguration.framework; path = System/Library/Frameworks/SystemConfiguration.framework; sourceTree = SDKROOT; };
		5E168E951BE9B27600A8502E /* OCBridgeHeader.h */ = {isa = PBXFileReference; fileEncoding = 4; lastKnownFileType = sourcecode.c.h; name = OCBridgeHeader.h; path = ../OCBridgeHeader.h; sourceTree = "<group>"; };
		5E168E9B1BE9B37B00A8502E /* 0.jpeg */ = {isa = PBXFileReference; lastKnownFileType = image.jpeg; name = 0.jpeg; path = image/0.jpeg; sourceTree = "<group>"; };
		5E168E9C1BE9B37B00A8502E /* 1.jpeg */ = {isa = PBXFileReference; lastKnownFileType = image.jpeg; name = 1.jpeg; path = image/1.jpeg; sourceTree = "<group>"; };
		5E168E9D1BE9B37B00A8502E /* 2.jpeg */ = {isa = PBXFileReference; lastKnownFileType = image.jpeg; name = 2.jpeg; path = image/2.jpeg; sourceTree = "<group>"; };
		5E168E9E1BE9B37B00A8502E /* 3.jpeg */ = {isa = PBXFileReference; lastKnownFileType = image.jpeg; name = 3.jpeg; path = image/3.jpeg; sourceTree = "<group>"; };
		5E168E9F1BE9B37B00A8502E /* 4.jpeg */ = {isa = PBXFileReference; lastKnownFileType = image.jpeg; name = 4.jpeg; path = image/4.jpeg; sourceTree = "<group>"; };
		5E168EA01BE9B37B00A8502E /* 屏幕尺寸 */ = {isa = PBXFileReference; fileEncoding = 4; lastKnownFileType = text; name = "屏幕尺寸"; path = "image/屏幕尺寸"; sourceTree = "<group>"; };
		5E168EA11BE9B37B00A8502E /* Icon-60.png */ = {isa = PBXFileReference; lastKnownFileType = image.png; name = "Icon-60.png"; path = "image/Icon-60.png"; sourceTree = "<group>"; };
		5E168EA21BE9B37B00A8502E /* Icon-60@2x.png */ = {isa = PBXFileReference; lastKnownFileType = image.png; name = "Icon-60@2x.png"; path = "image/Icon-60@2x.png"; sourceTree = "<group>"; };
		5E168EA31BE9B37B00A8502E /* Icon-60@3x.png */ = {isa = PBXFileReference; lastKnownFileType = image.png; name = "Icon-60@3x.png"; path = "image/Icon-60@3x.png"; sourceTree = "<group>"; };
		5E168EA41BE9B37B00A8502E /* Icon-72.png */ = {isa = PBXFileReference; lastKnownFileType = image.png; name = "Icon-72.png"; path = "image/Icon-72.png"; sourceTree = "<group>"; };
		5E168EA51BE9B37B00A8502E /* Icon-72@2x.png */ = {isa = PBXFileReference; lastKnownFileType = image.png; name = "Icon-72@2x.png"; path = "image/Icon-72@2x.png"; sourceTree = "<group>"; };
		5E168EA61BE9B37B00A8502E /* Icon-76.png */ = {isa = PBXFileReference; lastKnownFileType = image.png; name = "Icon-76.png"; path = "image/Icon-76.png"; sourceTree = "<group>"; };
		5E168EA71BE9B37B00A8502E /* Icon-76@2x.png */ = {isa = PBXFileReference; lastKnownFileType = image.png; name = "Icon-76@2x.png"; path = "image/Icon-76@2x.png"; sourceTree = "<group>"; };
		5E168EA81BE9B37B00A8502E /* Icon-76@3x.png */ = {isa = PBXFileReference; lastKnownFileType = image.png; name = "Icon-76@3x.png"; path = "image/Icon-76@3x.png"; sourceTree = "<group>"; };
		5E168EA91BE9B37B00A8502E /* Icon-Small-50.png */ = {isa = PBXFileReference; lastKnownFileType = image.png; name = "Icon-Small-50.png"; path = "image/Icon-Small-50.png"; sourceTree = "<group>"; };
		5E168EAA1BE9B37B00A8502E /* Icon-Small-50@2x.png */ = {isa = PBXFileReference; lastKnownFileType = image.png; name = "Icon-Small-50@2x.png"; path = "image/Icon-Small-50@2x.png"; sourceTree = "<group>"; };
		5E168EAB1BE9B37B00A8502E /* Icon-Small.png */ = {isa = PBXFileReference; lastKnownFileType = image.png; name = "Icon-Small.png"; path = "image/Icon-Small.png"; sourceTree = "<group>"; };
		5E168EAC1BE9B37B00A8502E /* Icon-Small@2x.png */ = {isa = PBXFileReference; lastKnownFileType = image.png; name = "Icon-Small@2x.png"; path = "image/Icon-Small@2x.png"; sourceTree = "<group>"; };
		5E168EAD1BE9B37B00A8502E /* Icon-Small@3x.png */ = {isa = PBXFileReference; lastKnownFileType = image.png; name = "Icon-Small@3x.png"; path = "image/Icon-Small@3x.png"; sourceTree = "<group>"; };
		5E168EAE1BE9B37B00A8502E /* Icon-Spotlight-40.png */ = {isa = PBXFileReference; lastKnownFileType = image.png; name = "Icon-Spotlight-40.png"; path = "image/Icon-Spotlight-40.png"; sourceTree = "<group>"; };
		5E168EAF1BE9B37B00A8502E /* Icon-Spotlight-40@2x.png */ = {isa = PBXFileReference; lastKnownFileType = image.png; name = "Icon-Spotlight-40@2x.png"; path = "image/Icon-Spotlight-40@2x.png"; sourceTree = "<group>"; };
		5E168EB01BE9B37B00A8502E /* Icon-Spotlight-40@3x.png */ = {isa = PBXFileReference; lastKnownFileType = image.png; name = "Icon-Spotlight-40@3x.png"; path = "image/Icon-Spotlight-40@3x.png"; sourceTree = "<group>"; };
		5E168EB11BE9B37B00A8502E /* Icon.png */ = {isa = PBXFileReference; lastKnownFileType = image.png; name = Icon.png; path = image/Icon.png; sourceTree = "<group>"; };
		5E168EB21BE9B37B00A8502E /* Icon@2x.png */ = {isa = PBXFileReference; lastKnownFileType = image.png; name = "Icon@2x.png"; path = "image/Icon@2x.png"; sourceTree = "<group>"; };
		5E168EB31BE9B37B00A8502E /* iTunesArtwork */ = {isa = PBXFileReference; lastKnownFileType = file; name = iTunesArtwork; path = image/iTunesArtwork; sourceTree = "<group>"; };
		5E168EB41BE9B37B00A8502E /* iTunesArtwork@2x */ = {isa = PBXFileReference; lastKnownFileType = file; name = "iTunesArtwork@2x"; path = "image/iTunesArtwork@2x"; sourceTree = "<group>"; };
		5E168ECF1BE9CB4B00A8502E /* libWeChatSDK.a */ = {isa = PBXFileReference; lastKnownFileType = archive.ar; path = libWeChatSDK.a; sourceTree = "<group>"; };
		5E168ED11BE9CB5200A8502E /* WXApi.h */ = {isa = PBXFileReference; fileEncoding = 4; lastKnownFileType = sourcecode.c.h; path = WXApi.h; sourceTree = "<group>"; };
		5E168ED21BE9CB5200A8502E /* WXApiObject.h */ = {isa = PBXFileReference; fileEncoding = 4; lastKnownFileType = sourcecode.c.h; path = WXApiObject.h; sourceTree = "<group>"; };
		5E168EDB1BE9F23700A8502E /* Entity+CoreDataProperties.swift */ = {isa = PBXFileReference; fileEncoding = 4; lastKnownFileType = sourcecode.swift; name = "Entity+CoreDataProperties.swift"; path = "../Entity+CoreDataProperties.swift"; sourceTree = "<group>"; };
		5E168EDC1BE9F23700A8502E /* Entity.swift */ = {isa = PBXFileReference; fileEncoding = 4; lastKnownFileType = sourcecode.swift; name = Entity.swift; path = ../Entity.swift; sourceTree = "<group>"; };
		5E3DEBA21BF0823900E4724E /* 6.jpg */ = {isa = PBXFileReference; lastKnownFileType = image.jpeg; name = 6.jpg; path = image/6.jpg; sourceTree = "<group>"; };
		5E3DEBA31BF0823900E4724E /* 7.jpeg */ = {isa = PBXFileReference; lastKnownFileType = image.jpeg; name = 7.jpeg; path = image/7.jpeg; sourceTree = "<group>"; };
		5E3DEBA41BF0823900E4724E /* 8.jpeg */ = {isa = PBXFileReference; lastKnownFileType = image.jpeg; name = 8.jpeg; path = image/8.jpeg; sourceTree = "<group>"; };
		5E3DEBA51BF0823900E4724E /* 9.jpeg */ = {isa = PBXFileReference; lastKnownFileType = image.jpeg; name = 9.jpeg; path = image/9.jpeg; sourceTree = "<group>"; };
		5E3DEBA61BF0823900E4724E /* 10.jpeg */ = {isa = PBXFileReference; lastKnownFileType = image.jpeg; name = 10.jpeg; path = image/10.jpeg; sourceTree = "<group>"; };
		5E7FADAE1C16828300D40A83 /* ImageIO.framework */ = {isa = PBXFileReference; lastKnownFileType = wrapper.framework; name = ImageIO.framework; path = System/Library/Frameworks/ImageIO.framework; sourceTree = SDKROOT; };
		5E7FADC71C16915700D40A83 /* MKAnnotationView+WebCache.h */ = {isa = PBXFileReference; fileEncoding = 4; lastKnownFileType = sourcecode.c.h; path = "MKAnnotationView+WebCache.h"; sourceTree = "<group>"; };
		5E7FADC81C16915700D40A83 /* MKAnnotationView+WebCache.m */ = {isa = PBXFileReference; fileEncoding = 4; lastKnownFileType = sourcecode.c.objc; path = "MKAnnotationView+WebCache.m"; sourceTree = "<group>"; };
		5E7FADC91C16915700D40A83 /* NSData+ImageContentType.h */ = {isa = PBXFileReference; fileEncoding = 4; lastKnownFileType = sourcecode.c.h; path = "NSData+ImageContentType.h"; sourceTree = "<group>"; };
		5E7FADCA1C16915700D40A83 /* NSData+ImageContentType.m */ = {isa = PBXFileReference; fileEncoding = 4; lastKnownFileType = sourcecode.c.objc; path = "NSData+ImageContentType.m"; sourceTree = "<group>"; };
		5E7FADCB1C16915700D40A83 /* SDImageCache.h */ = {isa = PBXFileReference; fileEncoding = 4; lastKnownFileType = sourcecode.c.h; path = SDImageCache.h; sourceTree = "<group>"; };
		5E7FADCC1C16915700D40A83 /* SDImageCache.m */ = {isa = PBXFileReference; fileEncoding = 4; lastKnownFileType = sourcecode.c.objc; path = SDImageCache.m; sourceTree = "<group>"; };
		5E7FADCD1C16915700D40A83 /* SDWebImageCompat.h */ = {isa = PBXFileReference; fileEncoding = 4; lastKnownFileType = sourcecode.c.h; path = SDWebImageCompat.h; sourceTree = "<group>"; };
		5E7FADCE1C16915700D40A83 /* SDWebImageCompat.m */ = {isa = PBXFileReference; fileEncoding = 4; lastKnownFileType = sourcecode.c.objc; path = SDWebImageCompat.m; sourceTree = "<group>"; };
		5E7FADCF1C16915700D40A83 /* SDWebImageDecoder.h */ = {isa = PBXFileReference; fileEncoding = 4; lastKnownFileType = sourcecode.c.h; path = SDWebImageDecoder.h; sourceTree = "<group>"; };
		5E7FADD01C16915700D40A83 /* SDWebImageDecoder.m */ = {isa = PBXFileReference; fileEncoding = 4; lastKnownFileType = sourcecode.c.objc; path = SDWebImageDecoder.m; sourceTree = "<group>"; };
		5E7FADD11C16915700D40A83 /* SDWebImageDownloader.h */ = {isa = PBXFileReference; fileEncoding = 4; lastKnownFileType = sourcecode.c.h; path = SDWebImageDownloader.h; sourceTree = "<group>"; };
		5E7FADD21C16915700D40A83 /* SDWebImageDownloader.m */ = {isa = PBXFileReference; fileEncoding = 4; lastKnownFileType = sourcecode.c.objc; path = SDWebImageDownloader.m; sourceTree = "<group>"; };
		5E7FADD31C16915700D40A83 /* SDWebImageDownloaderOperation.h */ = {isa = PBXFileReference; fileEncoding = 4; lastKnownFileType = sourcecode.c.h; path = SDWebImageDownloaderOperation.h; sourceTree = "<group>"; };
		5E7FADD41C16915700D40A83 /* SDWebImageDownloaderOperation.m */ = {isa = PBXFileReference; fileEncoding = 4; lastKnownFileType = sourcecode.c.objc; path = SDWebImageDownloaderOperation.m; sourceTree = "<group>"; };
		5E7FADD51C16915700D40A83 /* SDWebImageManager.h */ = {isa = PBXFileReference; fileEncoding = 4; lastKnownFileType = sourcecode.c.h; path = SDWebImageManager.h; sourceTree = "<group>"; };
		5E7FADD61C16915700D40A83 /* SDWebImageManager.m */ = {isa = PBXFileReference; fileEncoding = 4; lastKnownFileType = sourcecode.c.objc; path = SDWebImageManager.m; sourceTree = "<group>"; };
		5E7FADD71C16915700D40A83 /* SDWebImageOperation.h */ = {isa = PBXFileReference; fileEncoding = 4; lastKnownFileType = sourcecode.c.h; path = SDWebImageOperation.h; sourceTree = "<group>"; };
		5E7FADD81C16915700D40A83 /* SDWebImagePrefetcher.h */ = {isa = PBXFileReference; fileEncoding = 4; lastKnownFileType = sourcecode.c.h; path = SDWebImagePrefetcher.h; sourceTree = "<group>"; };
		5E7FADD91C16915700D40A83 /* SDWebImagePrefetcher.m */ = {isa = PBXFileReference; fileEncoding = 4; lastKnownFileType = sourcecode.c.objc; path = SDWebImagePrefetcher.m; sourceTree = "<group>"; };
		5E7FADDA1C16915700D40A83 /* UIButton+WebCache.h */ = {isa = PBXFileReference; fileEncoding = 4; lastKnownFileType = sourcecode.c.h; path = "UIButton+WebCache.h"; sourceTree = "<group>"; };
		5E7FADDB1C16915700D40A83 /* UIButton+WebCache.m */ = {isa = PBXFileReference; fileEncoding = 4; lastKnownFileType = sourcecode.c.objc; path = "UIButton+WebCache.m"; sourceTree = "<group>"; };
		5E7FADDC1C16915700D40A83 /* UIImage+GIF.h */ = {isa = PBXFileReference; fileEncoding = 4; lastKnownFileType = sourcecode.c.h; path = "UIImage+GIF.h"; sourceTree = "<group>"; };
		5E7FADDD1C16915700D40A83 /* UIImage+GIF.m */ = {isa = PBXFileReference; fileEncoding = 4; lastKnownFileType = sourcecode.c.objc; path = "UIImage+GIF.m"; sourceTree = "<group>"; };
		5E7FADDE1C16915700D40A83 /* UIImage+MultiFormat.h */ = {isa = PBXFileReference; fileEncoding = 4; lastKnownFileType = sourcecode.c.h; path = "UIImage+MultiFormat.h"; sourceTree = "<group>"; };
		5E7FADDF1C16915700D40A83 /* UIImage+MultiFormat.m */ = {isa = PBXFileReference; fileEncoding = 4; lastKnownFileType = sourcecode.c.objc; path = "UIImage+MultiFormat.m"; sourceTree = "<group>"; };
		5E7FADE01C16915700D40A83 /* UIImage+WebP.h */ = {isa = PBXFileReference; fileEncoding = 4; lastKnownFileType = sourcecode.c.h; path = "UIImage+WebP.h"; sourceTree = "<group>"; };
		5E7FADE11C16915700D40A83 /* UIImage+WebP.m */ = {isa = PBXFileReference; fileEncoding = 4; lastKnownFileType = sourcecode.c.objc; path = "UIImage+WebP.m"; sourceTree = "<group>"; };
		5E7FADE21C16915700D40A83 /* UIImageView+HighlightedWebCache.h */ = {isa = PBXFileReference; fileEncoding = 4; lastKnownFileType = sourcecode.c.h; path = "UIImageView+HighlightedWebCache.h"; sourceTree = "<group>"; };
		5E7FADE31C16915700D40A83 /* UIImageView+HighlightedWebCache.m */ = {isa = PBXFileReference; fileEncoding = 4; lastKnownFileType = sourcecode.c.objc; path = "UIImageView+HighlightedWebCache.m"; sourceTree = "<group>"; };
		5E7FADE41C16915700D40A83 /* UIImageView+WebCache.h */ = {isa = PBXFileReference; fileEncoding = 4; lastKnownFileType = sourcecode.c.h; path = "UIImageView+WebCache.h"; sourceTree = "<group>"; };
		5E7FADE51C16915700D40A83 /* UIImageView+WebCache.m */ = {isa = PBXFileReference; fileEncoding = 4; lastKnownFileType = sourcecode.c.objc; path = "UIImageView+WebCache.m"; sourceTree = "<group>"; };
		5E7FADE61C16915700D40A83 /* UIView+WebCacheOperation.h */ = {isa = PBXFileReference; fileEncoding = 4; lastKnownFileType = sourcecode.c.h; path = "UIView+WebCacheOperation.h"; sourceTree = "<group>"; };
		5E7FADE71C16915700D40A83 /* UIView+WebCacheOperation.m */ = {isa = PBXFileReference; fileEncoding = 4; lastKnownFileType = sourcecode.c.objc; path = "UIView+WebCacheOperation.m"; sourceTree = "<group>"; };
		5E7FADE91C16915700D40A83 /* Info.plist */ = {isa = PBXFileReference; fileEncoding = 4; lastKnownFileType = text.plist.xml; path = Info.plist; sourceTree = "<group>"; };
		5E7FADEA1C16915700D40A83 /* WebImage.h */ = {isa = PBXFileReference; fileEncoding = 4; lastKnownFileType = sourcecode.c.h; path = WebImage.h; sourceTree = "<group>"; };
		5EBF64871BF486870023BE73 /* CoreDataViewController.swift */ = {isa = PBXFileReference; fileEncoding = 4; lastKnownFileType = sourcecode.swift; path = CoreDataViewController.swift; sourceTree = "<group>"; };
		5ECBF14B1BEAECCB00A8EFEA /* setting.plist */ = {isa = PBXFileReference; fileEncoding = 4; lastKnownFileType = text.plist.xml; path = setting.plist; sourceTree = "<group>"; };
		5ECBF14F1BEB06A600A8EFEA /* SettingViewController.swift */ = {isa = PBXFileReference; fileEncoding = 4; lastKnownFileType = sourcecode.swift; path = SettingViewController.swift; sourceTree = "<group>"; };
		5ECBF1511BEB4A0C00A8EFEA /* SettingCellClass.swift */ = {isa = PBXFileReference; fileEncoding = 4; lastKnownFileType = sourcecode.swift; path = SettingCellClass.swift; sourceTree = "<group>"; };
		5ECBF1531BEC406400A8EFEA /* LikeViewController.swift */ = {isa = PBXFileReference; fileEncoding = 4; lastKnownFileType = sourcecode.swift; path = LikeViewController.swift; sourceTree = "<group>"; };
		5ECBF1551BEC7C1800A8EFEA /* LikeCellClass.swift */ = {isa = PBXFileReference; fileEncoding = 4; lastKnownFileType = sourcecode.swift; path = LikeCellClass.swift; sourceTree = "<group>"; };
		5EE43BD21BFDC12800A3E6F7 /* Security.framework */ = {isa = PBXFileReference; lastKnownFileType = wrapper.framework; name = Security.framework; path = System/Library/Frameworks/Security.framework; sourceTree = SDKROOT; };
		5EE43BD41BFDC13500A3E6F7 /* AdSupport.framework */ = {isa = PBXFileReference; lastKnownFileType = wrapper.framework; name = AdSupport.framework; path = System/Library/Frameworks/AdSupport.framework; sourceTree = SDKROOT; };
		5EE43BD61BFDC14D00A3E6F7 /* CoreMotion.framework */ = {isa = PBXFileReference; lastKnownFileType = wrapper.framework; name = CoreMotion.framework; path = System/Library/Frameworks/CoreMotion.framework; sourceTree = SDKROOT; };
		5EEE82BD1C0D43B7000C6BA1 /* libTalkingData.a */ = {isa = PBXFileReference; lastKnownFileType = archive.ar; path = libTalkingData.a; sourceTree = "<group>"; };
		5EEE82BE1C0D43B7000C6BA1 /* TalkingData.h */ = {isa = PBXFileReference; fileEncoding = 4; lastKnownFileType = sourcecode.c.h; path = TalkingData.h; sourceTree = "<group>"; };
/* End PBXFileReference section */

/* Begin PBXFrameworksBuildPhase section */
		5E168E321BE9A69A00A8502E /* Frameworks */ = {
			isa = PBXFrameworksBuildPhase;
			buildActionMask = 2147483647;
			files = (
				5E7FADAF1C16828300D40A83 /* ImageIO.framework in Frameworks */,
				5EE43BD71BFDC14D00A3E6F7 /* CoreMotion.framework in Frameworks */,
				5EE43BD51BFDC13500A3E6F7 /* AdSupport.framework in Frameworks */,
				5EE43BD31BFDC12800A3E6F7 /* Security.framework in Frameworks */,
				5E168ED01BE9CB4B00A8502E /* libWeChatSDK.a in Frameworks */,
				5E168E881BE9AACC00A8502E /* SystemConfiguration.framework in Frameworks */,
				5E168E861BE9AAC100A8502E /* UIKit.framework in Frameworks */,
				5E168E841BE9AAB900A8502E /* Foundation.framework in Frameworks */,
				5E168E821BE9AAB200A8502E /* CoreGraphics.framework in Frameworks */,
				5EEE82BF1C0D43B7000C6BA1 /* libTalkingData.a in Frameworks */,
				5E168E801BE9AAA000A8502E /* libsqlite3.tbd in Frameworks */,
				5E168E7E1BE9AA9900A8502E /* libz.tbd in Frameworks */,
				5E168E7C1BE9AA9000A8502E /* libc++.tbd in Frameworks */,
				5E168E7A1BE9AA8500A8502E /* CoreTelephony.framework in Frameworks */,
			);
			runOnlyForDeploymentPostprocessing = 0;
		};
		5E168E491BE9A69B00A8502E /* Frameworks */ = {
			isa = PBXFrameworksBuildPhase;
			buildActionMask = 2147483647;
			files = (
			);
			runOnlyForDeploymentPostprocessing = 0;
		};
		5E168E541BE9A69B00A8502E /* Frameworks */ = {
			isa = PBXFrameworksBuildPhase;
			buildActionMask = 2147483647;
			files = (
			);
			runOnlyForDeploymentPostprocessing = 0;
		};
/* End PBXFrameworksBuildPhase section */

/* Begin PBXGroup section */
		5E168E2C1BE9A69A00A8502E = {
			isa = PBXGroup;
			children = (
				5E7FADAB1C16802400D40A83 /* framework */,
				5E168E7F1BE9AAA000A8502E /* libsqlite3.tbd */,
				5E168E7D1BE9AA9900A8502E /* libz.tbd */,
				5E168E7B1BE9AA9000A8502E /* libc++.tbd */,
				5E168E371BE9A69A00A8502E /* Zoo_CoreData */,
				5E168E4F1BE9A69B00A8502E /* Zoo_CoreDataTests */,
				5E168E5A1BE9A69B00A8502E /* Zoo_CoreDataUITests */,
				5E168E361BE9A69A00A8502E /* Products */,
				5E168E8C1BE9AF6600A8502E /* WeChatSDK */,
				5EE43BD11BFDC05D00A3E6F7 /* TalkingData */,
			);
			sourceTree = "<group>";
		};
		5E168E361BE9A69A00A8502E /* Products */ = {
			isa = PBXGroup;
			children = (
				5E168E351BE9A69A00A8502E /* Zoo.app */,
				5E168E4C1BE9A69B00A8502E /* Zoo_CoreDataTests.xctest */,
				5E168E571BE9A69B00A8502E /* Zoo_CoreDataUITests.xctest */,
			);
			name = Products;
			sourceTree = "<group>";
		};
		5E168E371BE9A69A00A8502E /* Zoo_CoreData */ = {
			isa = PBXGroup;
			children = (
				5E7FADC51C16915700D40A83 /* SDImage */,
				5E168E381BE9A69A00A8502E /* AppDelegate.swift */,
				5E168E6B1BE9A97500A8502E /* Main.storyboard */,
				5E168E711BE9AA2400A8502E /* SyViewController.swift */,
				5E168E6D1BE9AA2400A8502E /* DetailViewController.swift */,
				5ECBF14F1BEB06A600A8EFEA /* SettingViewController.swift */,
				5ECBF1531BEC406400A8EFEA /* LikeViewController.swift */,
				5E168E421BE9A69A00A8502E /* Assets.xcassets */,
				5E168E441BE9A69A00A8502E /* LaunchScreen.storyboard */,
				5E168E951BE9B27600A8502E /* OCBridgeHeader.h */,
				5ECBF14A1BEAEC5400A8EFEA /* support */,
				5E168ED41BE9CCB600A8502E /* CoreData */,
				5E168ED31BE9CCAB00A8502E /* class */,
				5E168E9A1BE9B36600A8502E /* image */,
			);
			path = Zoo_CoreData;
			sourceTree = "<group>";
		};
		5E168E4F1BE9A69B00A8502E /* Zoo_CoreDataTests */ = {
			isa = PBXGroup;
			children = (
				5E168E501BE9A69B00A8502E /* Zoo_CoreDataTests.swift */,
				5E168E521BE9A69B00A8502E /* Info.plist */,
			);
			path = Zoo_CoreDataTests;
			sourceTree = "<group>";
		};
		5E168E5A1BE9A69B00A8502E /* Zoo_CoreDataUITests */ = {
			isa = PBXGroup;
			children = (
				5E168E5B1BE9A69B00A8502E /* Zoo_CoreDataUITests.swift */,
				5E168E5D1BE9A69B00A8502E /* Info.plist */,
			);
			path = Zoo_CoreDataUITests;
			sourceTree = "<group>";
		};
		5E168E8C1BE9AF6600A8502E /* WeChatSDK */ = {
			isa = PBXGroup;
			children = (
				5E168ECF1BE9CB4B00A8502E /* libWeChatSDK.a */,
				5E168ED11BE9CB5200A8502E /* WXApi.h */,
				5E168ED21BE9CB5200A8502E /* WXApiObject.h */,
			);
			name = WeChatSDK;
			sourceTree = "<group>";
		};
		5E168E9A1BE9B36600A8502E /* image */ = {
			isa = PBXGroup;
			children = (
				5E168E9B1BE9B37B00A8502E /* 0.jpeg */,
				5E168E9C1BE9B37B00A8502E /* 1.jpeg */,
				5E168E9D1BE9B37B00A8502E /* 2.jpeg */,
				5E168E9E1BE9B37B00A8502E /* 3.jpeg */,
				5E168E9F1BE9B37B00A8502E /* 4.jpeg */,
				5E3DEBA21BF0823900E4724E /* 6.jpg */,
				5E3DEBA31BF0823900E4724E /* 7.jpeg */,
				5E3DEBA41BF0823900E4724E /* 8.jpeg */,
				5E3DEBA51BF0823900E4724E /* 9.jpeg */,
				5E3DEBA61BF0823900E4724E /* 10.jpeg */,
				5E168EA01BE9B37B00A8502E /* 屏幕尺寸 */,
				5E168EA11BE9B37B00A8502E /* Icon-60.png */,
				5E168EA21BE9B37B00A8502E /* Icon-60@2x.png */,
				5E168EA31BE9B37B00A8502E /* Icon-60@3x.png */,
				5E168EA41BE9B37B00A8502E /* Icon-72.png */,
				5E168EA51BE9B37B00A8502E /* Icon-72@2x.png */,
				5E168EA61BE9B37B00A8502E /* Icon-76.png */,
				5E168EA71BE9B37B00A8502E /* Icon-76@2x.png */,
				5E168EA81BE9B37B00A8502E /* Icon-76@3x.png */,
				5E168EA91BE9B37B00A8502E /* Icon-Small-50.png */,
				5E168EAA1BE9B37B00A8502E /* Icon-Small-50@2x.png */,
				5E168EAB1BE9B37B00A8502E /* Icon-Small.png */,
				5E168EAC1BE9B37B00A8502E /* Icon-Small@2x.png */,
				5E168EAD1BE9B37B00A8502E /* Icon-Small@3x.png */,
				5E168EAE1BE9B37B00A8502E /* Icon-Spotlight-40.png */,
				5E168EAF1BE9B37B00A8502E /* Icon-Spotlight-40@2x.png */,
				5E168EB01BE9B37B00A8502E /* Icon-Spotlight-40@3x.png */,
				5E168EB11BE9B37B00A8502E /* Icon.png */,
				5E168EB21BE9B37B00A8502E /* Icon@2x.png */,
				5E168EB31BE9B37B00A8502E /* iTunesArtwork */,
				5E168EB41BE9B37B00A8502E /* iTunesArtwork@2x */,
			);
			name = image;
			sourceTree = "<group>";
		};
		5E168ED31BE9CCAB00A8502E /* class */ = {
			isa = PBXGroup;
			children = (
				5EBF64871BF486870023BE73 /* CoreDataViewController.swift */,
				5E168E6E1BE9AA2400A8502E /* ShareViewController.swift */,
				5E168E6F1BE9AA2400A8502E /* SyCellClass.swift */,
				5ECBF1551BEC7C1800A8EFEA /* LikeCellClass.swift */,
				5ECBF1511BEB4A0C00A8EFEA /* SettingCellClass.swift */,
			);
			name = class;
			sourceTree = "<group>";
		};
		5E168ED41BE9CCB600A8502E /* CoreData */ = {
			isa = PBXGroup;
			children = (
				5E168E3F1BE9A69A00A8502E /* Zoo_CoreData.xcdatamodeld */,
				5E168EDB1BE9F23700A8502E /* Entity+CoreDataProperties.swift */,
				5E168EDC1BE9F23700A8502E /* Entity.swift */,
			);
			name = CoreData;
			sourceTree = "<group>";
		};
		5E7FADAB1C16802400D40A83 /* framework */ = {
			isa = PBXGroup;
			children = (
				5E7FADAE1C16828300D40A83 /* ImageIO.framework */,
				5E168E791BE9AA8500A8502E /* CoreTelephony.framework */,
				5EE43BD61BFDC14D00A3E6F7 /* CoreMotion.framework */,
				5EE43BD41BFDC13500A3E6F7 /* AdSupport.framework */,
				5EE43BD21BFDC12800A3E6F7 /* Security.framework */,
				5E168E871BE9AACC00A8502E /* SystemConfiguration.framework */,
				5E168E851BE9AAC100A8502E /* UIKit.framework */,
				5E168E831BE9AAB900A8502E /* Foundation.framework */,
				5E168E811BE9AAB200A8502E /* CoreGraphics.framework */,
			);
			name = framework;
			sourceTree = "<group>";
		};
		5E7FADC51C16915700D40A83 /* SDImage */ = {
			isa = PBXGroup;
			children = (
				5E7FADC61C16915700D40A83 /* SDWebImage */,
				5E7FADE81C16915700D40A83 /* WebImage */,
			);
			path = SDImage;
			sourceTree = "<group>";
		};
		5E7FADC61C16915700D40A83 /* SDWebImage */ = {
			isa = PBXGroup;
			children = (
				5E7FADC71C16915700D40A83 /* MKAnnotationView+WebCache.h */,
				5E7FADC81C16915700D40A83 /* MKAnnotationView+WebCache.m */,
				5E7FADC91C16915700D40A83 /* NSData+ImageContentType.h */,
				5E7FADCA1C16915700D40A83 /* NSData+ImageContentType.m */,
				5E7FADCB1C16915700D40A83 /* SDImageCache.h */,
				5E7FADCC1C16915700D40A83 /* SDImageCache.m */,
				5E7FADCD1C16915700D40A83 /* SDWebImageCompat.h */,
				5E7FADCE1C16915700D40A83 /* SDWebImageCompat.m */,
				5E7FADCF1C16915700D40A83 /* SDWebImageDecoder.h */,
				5E7FADD01C16915700D40A83 /* SDWebImageDecoder.m */,
				5E7FADD11C16915700D40A83 /* SDWebImageDownloader.h */,
				5E7FADD21C16915700D40A83 /* SDWebImageDownloader.m */,
				5E7FADD31C16915700D40A83 /* SDWebImageDownloaderOperation.h */,
				5E7FADD41C16915700D40A83 /* SDWebImageDownloaderOperation.m */,
				5E7FADD51C16915700D40A83 /* SDWebImageManager.h */,
				5E7FADD61C16915700D40A83 /* SDWebImageManager.m */,
				5E7FADD71C16915700D40A83 /* SDWebImageOperation.h */,
				5E7FADD81C16915700D40A83 /* SDWebImagePrefetcher.h */,
				5E7FADD91C16915700D40A83 /* SDWebImagePrefetcher.m */,
				5E7FADDA1C16915700D40A83 /* UIButton+WebCache.h */,
				5E7FADDB1C16915700D40A83 /* UIButton+WebCache.m */,
				5E7FADDC1C16915700D40A83 /* UIImage+GIF.h */,
				5E7FADDD1C16915700D40A83 /* UIImage+GIF.m */,
				5E7FADDE1C16915700D40A83 /* UIImage+MultiFormat.h */,
				5E7FADDF1C16915700D40A83 /* UIImage+MultiFormat.m */,
				5E7FADE01C16915700D40A83 /* UIImage+WebP.h */,
				5E7FADE11C16915700D40A83 /* UIImage+WebP.m */,
				5E7FADE21C16915700D40A83 /* UIImageView+HighlightedWebCache.h */,
				5E7FADE31C16915700D40A83 /* UIImageView+HighlightedWebCache.m */,
				5E7FADE41C16915700D40A83 /* UIImageView+WebCache.h */,
				5E7FADE51C16915700D40A83 /* UIImageView+WebCache.m */,
				5E7FADE61C16915700D40A83 /* UIView+WebCacheOperation.h */,
				5E7FADE71C16915700D40A83 /* UIView+WebCacheOperation.m */,
			);
			path = SDWebImage;
			sourceTree = "<group>";
		};
		5E7FADE81C16915700D40A83 /* WebImage */ = {
			isa = PBXGroup;
			children = (
				5E7FADE91C16915700D40A83 /* Info.plist */,
				5E7FADEA1C16915700D40A83 /* WebImage.h */,
			);
			path = WebImage;
			sourceTree = "<group>";
		};
		5ECBF14A1BEAEC5400A8EFEA /* support */ = {
			isa = PBXGroup;
			children = (
				5E168E471BE9A69A00A8502E /* Info.plist */,
				5E168E701BE9AA2400A8502E /* SyPlist.plist */,
				5ECBF14B1BEAECCB00A8EFEA /* setting.plist */,
			);
			name = support;
			sourceTree = "<group>";
		};
		5EE43BD11BFDC05D00A3E6F7 /* TalkingData */ = {
			isa = PBXGroup;
			children = (
				5EEE82BD1C0D43B7000C6BA1 /* libTalkingData.a */,
				5EEE82BE1C0D43B7000C6BA1 /* TalkingData.h */,
			);
			name = TalkingData;
			sourceTree = "<group>";
		};
/* End PBXGroup section */

/* Begin PBXNativeTarget section */
		5E168E341BE9A69A00A8502E /* Zoo_CoreData */ = {
			isa = PBXNativeTarget;
			buildConfigurationList = 5E168E601BE9A69B00A8502E /* Build configuration list for PBXNativeTarget "Zoo_CoreData" */;
			buildPhases = (
				5E168E311BE9A69A00A8502E /* Sources */,
				5E168E321BE9A69A00A8502E /* Frameworks */,
				5E168E331BE9A69A00A8502E /* Resources */,
			);
			buildRules = (
			);
			dependencies = (
			);
			name = Zoo_CoreData;
			productName = Zoo_CoreData;
			productReference = 5E168E351BE9A69A00A8502E /* Zoo.app */;
			productType = "com.apple.product-type.application";
		};
		5E168E4B1BE9A69B00A8502E /* Zoo_CoreDataTests */ = {
			isa = PBXNativeTarget;
			buildConfigurationList = 5E168E631BE9A69B00A8502E /* Build configuration list for PBXNativeTarget "Zoo_CoreDataTests" */;
			buildPhases = (
				5E168E481BE9A69B00A8502E /* Sources */,
				5E168E491BE9A69B00A8502E /* Frameworks */,
				5E168E4A1BE9A69B00A8502E /* Resources */,
			);
			buildRules = (
			);
			dependencies = (
				5E168E4E1BE9A69B00A8502E /* PBXTargetDependency */,
			);
			name = Zoo_CoreDataTests;
			productName = Zoo_CoreDataTests;
			productReference = 5E168E4C1BE9A69B00A8502E /* Zoo_CoreDataTests.xctest */;
			productType = "com.apple.product-type.bundle.unit-test";
		};
		5E168E561BE9A69B00A8502E /* Zoo_CoreDataUITests */ = {
			isa = PBXNativeTarget;
			buildConfigurationList = 5E168E661BE9A69B00A8502E /* Build configuration list for PBXNativeTarget "Zoo_CoreDataUITests" */;
			buildPhases = (
				5E168E531BE9A69B00A8502E /* Sources */,
				5E168E541BE9A69B00A8502E /* Frameworks */,
				5E168E551BE9A69B00A8502E /* Resources */,
			);
			buildRules = (
			);
			dependencies = (
				5E168E591BE9A69B00A8502E /* PBXTargetDependency */,
			);
			name = Zoo_CoreDataUITests;
			productName = Zoo_CoreDataUITests;
			productReference = 5E168E571BE9A69B00A8502E /* Zoo_CoreDataUITests.xctest */;
			productType = "com.apple.product-type.bundle.ui-testing";
		};
/* End PBXNativeTarget section */

/* Begin PBXProject section */
		5E168E2D1BE9A69A00A8502E /* Project object */ = {
			isa = PBXProject;
			attributes = {
				LastSwiftUpdateCheck = 0710;
				LastUpgradeCheck = 0710;
				ORGANIZATIONNAME = pincher;
				TargetAttributes = {
					5E168E341BE9A69A00A8502E = {
						CreatedOnToolsVersion = 7.1;
						DevelopmentTeam = XWP5J634VP;
						SystemCapabilities = {
							com.apple.Maps.iOS = {
								enabled = 0;
							};
						};
					};
					5E168E4B1BE9A69B00A8502E = {
						CreatedOnToolsVersion = 7.1;
						TestTargetID = 5E168E341BE9A69A00A8502E;
					};
					5E168E561BE9A69B00A8502E = {
						CreatedOnToolsVersion = 7.1;
						TestTargetID = 5E168E341BE9A69A00A8502E;
					};
				};
			};
			buildConfigurationList = 5E168E301BE9A69A00A8502E /* Build configuration list for PBXProject "Zoo_CoreData" */;
			compatibilityVersion = "Xcode 3.2";
			developmentRegion = English;
			hasScannedForEncodings = 0;
			knownRegions = (
				en,
				Base,
			);
			mainGroup = 5E168E2C1BE9A69A00A8502E;
			productRefGroup = 5E168E361BE9A69A00A8502E /* Products */;
			projectDirPath = "";
			projectRoot = "";
			targets = (
				5E168E341BE9A69A00A8502E /* Zoo_CoreData */,
				5E168E4B1BE9A69B00A8502E /* Zoo_CoreDataTests */,
				5E168E561BE9A69B00A8502E /* Zoo_CoreDataUITests */,
			);
		};
/* End PBXProject section */

/* Begin PBXResourcesBuildPhase section */
		5E168E331BE9A69A00A8502E /* Resources */ = {
			isa = PBXResourcesBuildPhase;
			buildActionMask = 2147483647;
			files = (
				5E168ECE1BE9B37B00A8502E /* iTunesArtwork@2x in Resources */,
				5E168ECB1BE9B37B00A8502E /* Icon.png in Resources */,
				5E168EC31BE9B37B00A8502E /* Icon-Small-50.png in Resources */,
				5E168ECA1BE9B37B00A8502E /* Icon-Spotlight-40@3x.png in Resources */,
				5ECBF14C1BEAECCB00A8EFEA /* setting.plist in Resources */,
				5E168EBA1BE9B37B00A8502E /* 屏幕尺寸 in Resources */,
				5E168EC41BE9B37B00A8502E /* Icon-Small-50@2x.png in Resources */,
				5E168EC01BE9B37B00A8502E /* Icon-76.png in Resources */,
				5E168EB51BE9B37B00A8502E /* 0.jpeg in Resources */,
				5E168EBF1BE9B37B00A8502E /* Icon-72@2x.png in Resources */,
				5E3DEBA71BF0823900E4724E /* 6.jpg in Resources */,
				5E168EB61BE9B37B00A8502E /* 1.jpeg in Resources */,
				5E3DEBAB1BF0823900E4724E /* 10.jpeg in Resources */,
				5E168ECC1BE9B37B00A8502E /* Icon@2x.png in Resources */,
				5E168E461BE9A69A00A8502E /* LaunchScreen.storyboard in Resources */,
				5E3DEBA91BF0823900E4724E /* 8.jpeg in Resources */,
				5E168EC51BE9B37B00A8502E /* Icon-Small.png in Resources */,
				5E168EC11BE9B37B00A8502E /* Icon-76@2x.png in Resources */,
				5E3DEBA81BF0823900E4724E /* 7.jpeg in Resources */,
				5E168EBB1BE9B37B00A8502E /* Icon-60.png in Resources */,
				5E7FADFB1C16915700D40A83 /* Info.plist in Resources */,
				5E168ECD1BE9B37B00A8502E /* iTunesArtwork in Resources */,
				5E3DEBAA1BF0823900E4724E /* 9.jpeg in Resources */,
				5E168EBE1BE9B37B00A8502E /* Icon-72.png in Resources */,
				5E168E6C1BE9A97500A8502E /* Main.storyboard in Resources */,
				5E168E761BE9AA2400A8502E /* SyPlist.plist in Resources */,
				5E168EC21BE9B37B00A8502E /* Icon-76@3x.png in Resources */,
				5E168EB81BE9B37B00A8502E /* 3.jpeg in Resources */,
				5E168EC91BE9B37B00A8502E /* Icon-Spotlight-40@2x.png in Resources */,
				5E168E431BE9A69A00A8502E /* Assets.xcassets in Resources */,
				5E168EBD1BE9B37B00A8502E /* Icon-60@3x.png in Resources */,
				5E168EB91BE9B37B00A8502E /* 4.jpeg in Resources */,
				5E168EC71BE9B37B00A8502E /* Icon-Small@3x.png in Resources */,
				5E168EB71BE9B37B00A8502E /* 2.jpeg in Resources */,
				5E168EC81BE9B37B00A8502E /* Icon-Spotlight-40.png in Resources */,
				5E168EBC1BE9B37B00A8502E /* Icon-60@2x.png in Resources */,
				5E168EC61BE9B37B00A8502E /* Icon-Small@2x.png in Resources */,
			);
			runOnlyForDeploymentPostprocessing = 0;
		};
		5E168E4A1BE9A69B00A8502E /* Resources */ = {
			isa = PBXResourcesBuildPhase;
			buildActionMask = 2147483647;
			files = (
			);
			runOnlyForDeploymentPostprocessing = 0;
		};
		5E168E551BE9A69B00A8502E /* Resources */ = {
			isa = PBXResourcesBuildPhase;
			buildActionMask = 2147483647;
			files = (
			);
			runOnlyForDeploymentPostprocessing = 0;
		};
/* End PBXResourcesBuildPhase section */

/* Begin PBXSourcesBuildPhase section */
		5E168E311BE9A69A00A8502E /* Sources */ = {
			isa = PBXSourcesBuildPhase;
			buildActionMask = 2147483647;
			files = (
				5E168E731BE9AA2400A8502E /* DetailViewController.swift in Sources */,
				5E7FADF71C16915700D40A83 /* UIImage+WebP.m in Sources */,
				5EBF64881BF486870023BE73 /* CoreDataViewController.swift in Sources */,
				5ECBF1561BEC7C1800A8EFEA /* LikeCellClass.swift in Sources */,
				5E168E411BE9A69A00A8502E /* Zoo_CoreData.xcdatamodeld in Sources */,
				5E168E741BE9AA2400A8502E /* ShareViewController.swift in Sources */,
				5ECBF1521BEB4A0C00A8EFEA /* SettingCellClass.swift in Sources */,
				5E7FADF11C16915700D40A83 /* SDWebImageDownloaderOperation.m in Sources */,
				5E168EDD1BE9F23700A8502E /* Entity+CoreDataProperties.swift in Sources */,
				5E7FADED1C16915700D40A83 /* SDImageCache.m in Sources */,
				5E168EDE1BE9F23700A8502E /* Entity.swift in Sources */,
				5ECBF1501BEB06A600A8EFEA /* SettingViewController.swift in Sources */,
				5E168E391BE9A69A00A8502E /* AppDelegate.swift in Sources */,
				5E7FADEE1C16915700D40A83 /* SDWebImageCompat.m in Sources */,
				5E7FADEC1C16915700D40A83 /* NSData+ImageContentType.m in Sources */,
				5E168E771BE9AA2400A8502E /* SyViewController.swift in Sources */,
				5E7FADF21C16915700D40A83 /* SDWebImageManager.m in Sources */,
				5E7FADF01C16915700D40A83 /* SDWebImageDownloader.m in Sources */,
				5E7FADF91C16915700D40A83 /* UIImageView+WebCache.m in Sources */,
				5E7FADF81C16915700D40A83 /* UIImageView+HighlightedWebCache.m in Sources */,
				5E7FADEB1C16915700D40A83 /* MKAnnotationView+WebCache.m in Sources */,
				5E7FADF51C16915700D40A83 /* UIImage+GIF.m in Sources */,
				5ECBF1541BEC406400A8EFEA /* LikeViewController.swift in Sources */,
				5E7FADF31C16915700D40A83 /* SDWebImagePrefetcher.m in Sources */,
				5E7FADF41C16915700D40A83 /* UIButton+WebCache.m in Sources */,
				5E7FADF61C16915700D40A83 /* UIImage+MultiFormat.m in Sources */,
				5E7FADEF1C16915700D40A83 /* SDWebImageDecoder.m in Sources */,
				5E7FADFA1C16915700D40A83 /* UIView+WebCacheOperation.m in Sources */,
				5E168E751BE9AA2400A8502E /* SyCellClass.swift in Sources */,
			);
			runOnlyForDeploymentPostprocessing = 0;
		};
		5E168E481BE9A69B00A8502E /* Sources */ = {
			isa = PBXSourcesBuildPhase;
			buildActionMask = 2147483647;
			files = (
				5E168E511BE9A69B00A8502E /* Zoo_CoreDataTests.swift in Sources */,
			);
			runOnlyForDeploymentPostprocessing = 0;
		};
		5E168E531BE9A69B00A8502E /* Sources */ = {
			isa = PBXSourcesBuildPhase;
			buildActionMask = 2147483647;
			files = (
				5E168E5C1BE9A69B00A8502E /* Zoo_CoreDataUITests.swift in Sources */,
			);
			runOnlyForDeploymentPostprocessing = 0;
		};
/* End PBXSourcesBuildPhase section */

/* Begin PBXTargetDependency section */
		5E168E4E1BE9A69B00A8502E /* PBXTargetDependency */ = {
			isa = PBXTargetDependency;
			target = 5E168E341BE9A69A00A8502E /* Zoo_CoreData */;
			targetProxy = 5E168E4D1BE9A69B00A8502E /* PBXContainerItemProxy */;
		};
		5E168E591BE9A69B00A8502E /* PBXTargetDependency */ = {
			isa = PBXTargetDependency;
			target = 5E168E341BE9A69A00A8502E /* Zoo_CoreData */;
			targetProxy = 5E168E581BE9A69B00A8502E /* PBXContainerItemProxy */;
		};
/* End PBXTargetDependency section */

/* Begin PBXVariantGroup section */
		5E168E441BE9A69A00A8502E /* LaunchScreen.storyboard */ = {
			isa = PBXVariantGroup;
			children = (
				5E168E451BE9A69A00A8502E /* Base */,
			);
			name = LaunchScreen.storyboard;
			sourceTree = "<group>";
		};
/* End PBXVariantGroup section */

/* Begin XCBuildConfiguration section */
		5E168E5E1BE9A69B00A8502E /* Debug */ = {
			isa = XCBuildConfiguration;
			buildSettings = {
				ALWAYS_SEARCH_USER_PATHS = NO;
				CLANG_CXX_LANGUAGE_STANDARD = "gnu++0x";
				CLANG_CXX_LIBRARY = "libc++";
				CLANG_ENABLE_MODULES = YES;
				CLANG_ENABLE_OBJC_ARC = YES;
				CLANG_WARN_BOOL_CONVERSION = YES;
				CLANG_WARN_CONSTANT_CONVERSION = YES;
				CLANG_WARN_DIRECT_OBJC_ISA_USAGE = YES_ERROR;
				CLANG_WARN_EMPTY_BODY = YES;
				CLANG_WARN_ENUM_CONVERSION = YES;
				CLANG_WARN_INT_CONVERSION = YES;
				CLANG_WARN_OBJC_ROOT_CLASS = YES_ERROR;
				CLANG_WARN_UNREACHABLE_CODE = YES;
				CLANG_WARN__DUPLICATE_METHOD_MATCH = YES;
				"CODE_SIGN_IDENTITY[sdk=iphoneos*]" = "iPhone Developer";
				COPY_PHASE_STRIP = NO;
				DEBUG_INFORMATION_FORMAT = dwarf;
				ENABLE_STRICT_OBJC_MSGSEND = YES;
				ENABLE_TESTABILITY = YES;
				GCC_C_LANGUAGE_STANDARD = gnu99;
				GCC_DYNAMIC_NO_PIC = NO;
				GCC_NO_COMMON_BLOCKS = YES;
				GCC_OPTIMIZATION_LEVEL = 0;
				GCC_PREPROCESSOR_DEFINITIONS = (
					"DEBUG=1",
					"$(inherited)",
				);
				GCC_WARN_64_TO_32_BIT_CONVERSION = YES;
				GCC_WARN_ABOUT_RETURN_TYPE = YES_ERROR;
				GCC_WARN_UNDECLARED_SELECTOR = YES;
				GCC_WARN_UNINITIALIZED_AUTOS = YES_AGGRESSIVE;
				GCC_WARN_UNUSED_FUNCTION = YES;
				GCC_WARN_UNUSED_VARIABLE = YES;
				IPHONEOS_DEPLOYMENT_TARGET = 9.1;
				MTL_ENABLE_DEBUG_INFO = YES;
				ONLY_ACTIVE_ARCH = NO;
				SDKROOT = iphoneos;
				SWIFT_OPTIMIZATION_LEVEL = "-Onone";
			};
			name = Debug;
		};
		5E168E5F1BE9A69B00A8502E /* Release */ = {
			isa = XCBuildConfiguration;
			buildSettings = {
				ALWAYS_SEARCH_USER_PATHS = NO;
				CLANG_CXX_LANGUAGE_STANDARD = "gnu++0x";
				CLANG_CXX_LIBRARY = "libc++";
				CLANG_ENABLE_MODULES = YES;
				CLANG_ENABLE_OBJC_ARC = YES;
				CLANG_WARN_BOOL_CONVERSION = YES;
				CLANG_WARN_CONSTANT_CONVERSION = YES;
				CLANG_WARN_DIRECT_OBJC_ISA_USAGE = YES_ERROR;
				CLANG_WARN_EMPTY_BODY = YES;
				CLANG_WARN_ENUM_CONVERSION = YES;
				CLANG_WARN_INT_CONVERSION = YES;
				CLANG_WARN_OBJC_ROOT_CLASS = YES_ERROR;
				CLANG_WARN_UNREACHABLE_CODE = YES;
				CLANG_WARN__DUPLICATE_METHOD_MATCH = YES;
				"CODE_SIGN_IDENTITY[sdk=iphoneos*]" = "iPhone Developer";
				COPY_PHASE_STRIP = NO;
				DEBUG_INFORMATION_FORMAT = "dwarf-with-dsym";
				ENABLE_NS_ASSERTIONS = NO;
				ENABLE_STRICT_OBJC_MSGSEND = YES;
				GCC_C_LANGUAGE_STANDARD = gnu99;
				GCC_NO_COMMON_BLOCKS = YES;
				GCC_WARN_64_TO_32_BIT_CONVERSION = YES;
				GCC_WARN_ABOUT_RETURN_TYPE = YES_ERROR;
				GCC_WARN_UNDECLARED_SELECTOR = YES;
				GCC_WARN_UNINITIALIZED_AUTOS = YES_AGGRESSIVE;
				GCC_WARN_UNUSED_FUNCTION = YES;
				GCC_WARN_UNUSED_VARIABLE = YES;
				IPHONEOS_DEPLOYMENT_TARGET = 9.1;
				MTL_ENABLE_DEBUG_INFO = NO;
				ONLY_ACTIVE_ARCH = NO;
				SDKROOT = iphoneos;
				VALIDATE_PRODUCT = YES;
			};
			name = Release;
		};
		5E168E611BE9A69B00A8502E /* Debug */ = {
			isa = XCBuildConfiguration;
			buildSettings = {
				ASSETCATALOG_COMPILER_APPICON_NAME = AppIcon;
				CODE_SIGN_IDENTITY = "iPhone Developer";
				ENABLE_BITCODE = NO;
				INFOPLIST_FILE = Zoo_CoreData/Info.plist;
				IPHONEOS_DEPLOYMENT_TARGET = 8.0;
				LD_RUNPATH_SEARCH_PATHS = "$(inherited) @executable_path/Frameworks";
				LIBRARY_SEARCH_PATHS = (
					"$(inherited)",
					"$(PROJECT_DIR)/Zoo_CoreData/WeixinSDK",
					"$(PROJECT_DIR)/Zoo_CoreData/WeChatSDK",
					"$(PROJECT_DIR)",
				);
				ONLY_ACTIVE_ARCH = NO;
				OTHER_LDFLAGS = "-ObjC";
				PRODUCT_BUNDLE_IDENTIFIER = "Zoo-CoreData";
				PRODUCT_NAME = Zoo;
				SWIFT_OBJC_BRIDGING_HEADER = OCBridgeHeader.h;
			};
			name = Debug;
		};
		5E168E621BE9A69B00A8502E /* Release */ = {
			isa = XCBuildConfiguration;
			buildSettings = {
				ASSETCATALOG_COMPILER_APPICON_NAME = AppIcon;
				CODE_SIGN_IDENTITY = "iPhone Developer";
				ENABLE_BITCODE = NO;
				INFOPLIST_FILE = Zoo_CoreData/Info.plist;
				IPHONEOS_DEPLOYMENT_TARGET = 8.0;
				LD_RUNPATH_SEARCH_PATHS = "$(inherited) @executable_path/Frameworks";
				LIBRARY_SEARCH_PATHS = (
					"$(inherited)",
					"$(PROJECT_DIR)/Zoo_CoreData/WeixinSDK",
					"$(PROJECT_DIR)/Zoo_CoreData/WeChatSDK",
					"$(PROJECT_DIR)",
				);
				ONLY_ACTIVE_ARCH = NO;
				OTHER_LDFLAGS = "-ObjC";
				PRODUCT_BUNDLE_IDENTIFIER = "Zoo-CoreData";
				PRODUCT_NAME = Zoo;
				SWIFT_OBJC_BRIDGING_HEADER = OCBridgeHeader.h;
			};
			name = Release;
		};
		5E168E641BE9A69B00A8502E /* Debug */ = {
			isa = XCBuildConfiguration;
			buildSettings = {
				BUNDLE_LOADER = "$(TEST_HOST)";
				INFOPLIST_FILE = Zoo_CoreDataTests/Info.plist;
				LD_RUNPATH_SEARCH_PATHS = "$(inherited) @executable_path/Frameworks @loader_path/Frameworks";
				PRODUCT_BUNDLE_IDENTIFIER = "pincher.Zoo-CoreDataTests";
				PRODUCT_NAME = "$(TARGET_NAME)";
				TEST_HOST = "$(BUILT_PRODUCTS_DIR)/Zoo_CoreData.app/Zoo_CoreData";
			};
			name = Debug;
		};
		5E168E651BE9A69B00A8502E /* Release */ = {
			isa = XCBuildConfiguration;
			buildSettings = {
				BUNDLE_LOADER = "$(TEST_HOST)";
				INFOPLIST_FILE = Zoo_CoreDataTests/Info.plist;
				LD_RUNPATH_SEARCH_PATHS = "$(inherited) @executable_path/Frameworks @loader_path/Frameworks";
				PRODUCT_BUNDLE_IDENTIFIER = "pincher.Zoo-CoreDataTests";
				PRODUCT_NAME = "$(TARGET_NAME)";
				TEST_HOST = "$(BUILT_PRODUCTS_DIR)/Zoo_CoreData.app/Zoo_CoreData";
			};
			name = Release;
		};
		5E168E671BE9A69B00A8502E /* Debug */ = {
			isa = XCBuildConfiguration;
			buildSettings = {
				INFOPLIST_FILE = Zoo_CoreDataUITests/Info.plist;
				LD_RUNPATH_SEARCH_PATHS = "$(inherited) @executable_path/Frameworks @loader_path/Frameworks";
				PRODUCT_BUNDLE_IDENTIFIER = "pincher.Zoo-CoreDataUITests";
				PRODUCT_NAME = "$(TARGET_NAME)";
				TEST_TARGET_NAME = Zoo_CoreData;
				USES_XCTRUNNER = YES;
			};
			name = Debug;
		};
		5E168E681BE9A69B00A8502E /* Release */ = {
			isa = XCBuildConfiguration;
			buildSettings = {
				INFOPLIST_FILE = Zoo_CoreDataUITests/Info.plist;
				LD_RUNPATH_SEARCH_PATHS = "$(inherited) @executable_path/Frameworks @loader_path/Frameworks";
				PRODUCT_BUNDLE_IDENTIFIER = "pincher.Zoo-CoreDataUITests";
				PRODUCT_NAME = "$(TARGET_NAME)";
				TEST_TARGET_NAME = Zoo_CoreData;
				USES_XCTRUNNER = YES;
			};
			name = Release;
		};
/* End XCBuildConfiguration section */

/* Begin XCConfigurationList section */
		5E168E301BE9A69A00A8502E /* Build configuration list for PBXProject "Zoo_CoreData" */ = {
			isa = XCConfigurationList;
			buildConfigurations = (
				5E168E5E1BE9A69B00A8502E /* Debug */,
				5E168E5F1BE9A69B00A8502E /* Release */,
			);
			defaultConfigurationIsVisible = 0;
			defaultConfigurationName = Release;
		};
		5E168E601BE9A69B00A8502E /* Build configuration list for PBXNativeTarget "Zoo_CoreData" */ = {
			isa = XCConfigurationList;
			buildConfigurations = (
				5E168E611BE9A69B00A8502E /* Debug */,
				5E168E621BE9A69B00A8502E /* Release */,
			);
			defaultConfigurationIsVisible = 0;
			defaultConfigurationName = Release;
		};
		5E168E631BE9A69B00A8502E /* Build configuration list for PBXNativeTarget "Zoo_CoreDataTests" */ = {
			isa = XCConfigurationList;
			buildConfigurations = (
				5E168E641BE9A69B00A8502E /* Debug */,
				5E168E651BE9A69B00A8502E /* Release */,
			);
			defaultConfigurationIsVisible = 0;
			defaultConfigurationName = Release;
		};
		5E168E661BE9A69B00A8502E /* Build configuration list for PBXNativeTarget "Zoo_CoreDataUITests" */ = {
			isa = XCConfigurationList;
			buildConfigurations = (
				5E168E671BE9A69B00A8502E /* Debug */,
				5E168E681BE9A69B00A8502E /* Release */,
			);
			defaultConfigurationIsVisible = 0;
			defaultConfigurationName = Release;
		};
/* End XCConfigurationList section */

/* Begin XCVersionGroup section */
		5E168E3F1BE9A69A00A8502E /* Zoo_CoreData.xcdatamodeld */ = {
			isa = XCVersionGroup;
			children = (
				5E168E401BE9A69A00A8502E /* Zoo_CoreData.xcdatamodel */,
			);
			currentVersion = 5E168E401BE9A69A00A8502E /* Zoo_CoreData.xcdatamodel */;
			path = Zoo_CoreData.xcdatamodeld;
			sourceTree = "<group>";
			versionGroupType = wrapper.xcdatamodel;
		};
/* End XCVersionGroup section */
	};
	rootObject = 5E168E2D1BE9A69A00A8502E /* Project object */;
}
